<?xml version="1.0" encoding="utf-8"?>
<Project ToolsVersion="4.0" xmlns="http://schemas.microsoft.com/developer/msbuild/2003">
  <ItemGroup>
    <Filter Include="Logging">
      <UniqueIdentifier>{4f259238-bd89-4649-8a82-b2847423e080}</UniqueIdentifier>
    </Filter>
    <Filter Include="Utils">
      <UniqueIdentifier>{93995380-89BD-4b04-88EB-625FBE52EBFB}</UniqueIdentifier>
      <Extensions>h;hpp;hxx;hm;inl;inc;xsd</Extensions>
    </Filter>
    <Filter Include="Interface">
      <UniqueIdentifier>{9b639f1a-fb81-40e0-b76b-7034d9639a19}</UniqueIdentifier>
    </Filter>
    <Filter Include="File">
      <UniqueIdentifier>{7515ec81-c4c1-426d-bf9f-392cf26dd0a9}</UniqueIdentifier>
    </Filter>
    <Filter Include="Containers">
      <UniqueIdentifier>{d355040c-7208-4ac0-9ec3-c827f2538ddd}</UniqueIdentifier>
    </Filter>
    <Filter Include="ROSE">
      <UniqueIdentifier>{2106180e-d664-4aac-be25-e9e163e1efcd}</UniqueIdentifier>
    </Filter>
  </ItemGroup>
  <ItemGroup>
    <ClCompile Include="Log.cpp">
      <Filter>Logging</Filter>
    </ClCompile>
    <ClCompile Include="MD5.cpp">
      <Filter>Utils</Filter>
    </ClCompile>
    <ClCompile Include="FileSystem.cpp">
      <Filter>File</Filter>
    </ClCompile>
    <ClCompile Include="Colour.cpp">
      <Filter>Containers</Filter>
    </ClCompile>
    <ClCompile Include="Index.cpp">
      <Filter>File</Filter>
    </ClCompile>
    <ClCompile Include="TitanFileSystem.cpp">
      <Filter>File</Filter>
    </ClCompile>
    <ClCompile Include="hashtable.cpp">
      <Filter>File</Filter>
    </ClCompile>
  </ItemGroup>
  <ItemGroup>
    <ClInclude Include="Log.hpp">
      <Filter>Logging</Filter>
    </ClInclude>
    <ClInclude Include="CriticalSection.hpp">
      <Filter>Utils</Filter>
    </ClInclude>
    <ClInclude Include="Global.h">
      <Filter>Utils</Filter>
    </ClInclude>
    <ClInclude Include="MD5.hpp">
      <Filter>Utils</Filter>
    </ClInclude>
    <ClInclude Include="SafeDelete.hpp">
      <Filter>Utils</Filter>
    </ClInclude>
    <ClInclude Include="ScopedPointer.hpp">
      <Filter>Utils</Filter>
    </ClInclude>
    <ClInclude Include="SmartObject.hpp">
      <Filter>Utils</Filter>
    </ClInclude>
    <ClInclude Include="SmartPointer.hpp">
      <Filter>Utils</Filter>
    </ClInclude>
    <ClInclude Include="Windows.hpp">
      <Filter>Utils</Filter>
    </ClInclude>
    <ClInclude Include="IRender.hpp">
      <Filter>Interface</Filter>
    </ClInclude>
    <ClInclude Include="IText.hpp">
      <Filter>Interface</Filter>
    </ClInclude>
    <ClInclude Include="BufferedFile.hpp">
      <Filter>File</Filter>
    </ClInclude>
    <ClInclude Include="BufferedFileSystem.hpp">
      <Filter>File</Filter>
    </ClInclude>
    <ClInclude Include="File.hpp">
      <Filter>File</Filter>
    </ClInclude>
    <ClInclude Include="FileSystem.hpp">
      <Filter>File</Filter>
    </ClInclude>
    <ClInclude Include="FlatFile.hpp">
      <Filter>File</Filter>
    </ClInclude>
    <ClInclude Include="FlatFileSystem.hpp">
      <Filter>File</Filter>
    </ClInclude>
    <ClInclude Include="ReadWholeFile.hpp">
      <Filter>File</Filter>
    </ClInclude>
    <ClInclude Include="TitanFile.hpp">
      <Filter>File</Filter>
    </ClInclude>
    <ClInclude Include="TitanFileSystem.hpp">
      <Filter>File</Filter>
    </ClInclude>
    <ClInclude Include="Array.hpp">
      <Filter>Containers</Filter>
    </ClInclude>
    <ClInclude Include="Colour.hpp">
      <Filter>Containers</Filter>
    </ClInclude>
    <ClInclude Include="EventQueue.hpp">
      <Filter>Containers</Filter>
    </ClInclude>
    <ClInclude Include="FastStringMapL2.hpp">
      <Filter>Containers</Filter>
    </ClInclude>
    <ClInclude Include="List.hpp">
      <Filter>Containers</Filter>
    </ClInclude>
    <ClInclude Include="LockedPool.hpp">
      <Filter>Containers</Filter>
    </ClInclude>
    <ClInclude Include="Point.hpp">
      <Filter>Containers</Filter>
    </ClInclude>
    <ClInclude Include="Pool.hpp">
      <Filter>Containers</Filter>
    </ClInclude>
    <ClInclude Include="Rect.hpp">
      <Filter>Containers</Filter>
    </ClInclude>
    <ClInclude Include="String.hpp">
      <Filter>Containers</Filter>
    </ClInclude>
    <ClInclude Include="StringMap.hpp">
      <Filter>Containers</Filter>
    </ClInclude>
    <ClInclude Include="RoseConstants.hpp">
      <Filter>ROSE</Filter>
    </ClInclude>
    <ClInclude Include="RoseStructs.hpp">
      <Filter>ROSE</Filter>
    </ClInclude>
    <ClInclude Include="Index.hpp">
      <Filter>File</Filter>
    </ClInclude>
    <ClInclude Include="Hash.hpp">
      <Filter>File</Filter>
    </ClInclude>
    <ClInclude Include="Hashtable.h">
      <Filter>Containers</Filter>
    </ClInclude>
  </ItemGroup>
</Project>