<?xml version="1.0" encoding="utf-8"?>
<Project ToolsVersion="4.0" xmlns="http://schemas.microsoft.com/developer/msbuild/2003">
  <ItemGroup>
    <Filter Include="Common">
      <UniqueIdentifier>{dc32feb8-e9ee-4da0-ba54-cff97a3d6da1}</UniqueIdentifier>
    </Filter>
    <Filter Include="Dialogs">
      <UniqueIdentifier>{d3f09f9a-5d5c-4006-a16d-a13a9b4da0ad}</UniqueIdentifier>
    </Filter>
    <Filter Include="Entities">
      <UniqueIdentifier>{4c5f48d9-1aa4-4334-b14f-446245d062c8}</UniqueIdentifier>
    </Filter>
    <Filter Include="Misc">
      <UniqueIdentifier>{5995514b-6e52-42f4-81ef-f86446e3e278}</UniqueIdentifier>
    </Filter>
    <Filter Include="States">
      <UniqueIdentifier>{ab79ec54-8944-4b7e-b3b3-085abd6fc8d4}</UniqueIdentifier>
    </Filter>
  </ItemGroup>
  <ItemGroup>
    <ClInclude Include="Windows.hpp">
      <Filter>Common</Filter>
    </ClInclude>
    <ClInclude Include="Array.hpp">
      <Filter>Common</Filter>
    </ClInclude>
    <ClInclude Include="Colour.hpp">
      <Filter>Common</Filter>
    </ClInclude>
    <ClInclude Include="CriticalSection.hpp">
      <Filter>Common</Filter>
    </ClInclude>
    <ClInclude Include="EventQueue.hpp">
      <Filter>Common</Filter>
    </ClInclude>
    <ClInclude Include="Global.h">
      <Filter>Common</Filter>
    </ClInclude>
    <ClInclude Include="MD5.hpp">
      <Filter>Common</Filter>
    </ClInclude>
    <ClInclude Include="RoseConstants.hpp">
      <Filter>Common</Filter>
    </ClInclude>
    <ClInclude Include="RoseStructs.hpp">
      <Filter>Common</Filter>
    </ClInclude>
    <ClInclude Include="String.hpp">
      <Filter>Common</Filter>
    </ClInclude>
    <ClInclude Include="TitanFileSystem.hpp">
      <Filter>Common</Filter>
    </ClInclude>
    <ClInclude Include="UserInterface.hpp">
      <Filter>Dialogs</Filter>
    </ClInclude>
    <ClInclude Include="CharacterSelectDialog.hpp">
      <Filter>Dialogs</Filter>
    </ClInclude>
    <ClInclude Include="ChatDialog.hpp">
      <Filter>Dialogs</Filter>
    </ClInclude>
    <ClInclude Include="DialogType.hpp">
      <Filter>Dialogs</Filter>
    </ClInclude>
    <ClInclude Include="LoginDialog.hpp">
      <Filter>Dialogs</Filter>
    </ClInclude>
    <ClInclude Include="MsgBox.hpp">
      <Filter>Dialogs</Filter>
    </ClInclude>
    <ClInclude Include="ServerListDialog.hpp">
      <Filter>Dialogs</Filter>
    </ClInclude>
    <ClInclude Include="ToolTip.hpp">
      <Filter>Dialogs</Filter>
    </ClInclude>
    <ClInclude Include="Player.hpp">
      <Filter>Entities</Filter>
    </ClInclude>
    <ClInclude Include="Avatar.hpp">
      <Filter>Entities</Filter>
    </ClInclude>
    <ClInclude Include="Character.hpp">
      <Filter>Entities</Filter>
    </ClInclude>
    <ClInclude Include="CharacterList.hpp">
      <Filter>Entities</Filter>
    </ClInclude>
    <ClInclude Include="Monster.hpp">
      <Filter>Entities</Filter>
    </ClInclude>
    <ClInclude Include="Npc.hpp">
      <Filter>Entities</Filter>
    </ClInclude>
    <ClInclude Include="Window.hpp">
      <Filter>Misc</Filter>
    </ClInclude>
    <ClInclude Include="Fonts.hpp">
      <Filter>Misc</Filter>
    </ClInclude>
    <ClInclude Include="GameEvent.hpp">
      <Filter>Misc</Filter>
    </ClInclude>
    <ClInclude Include="GameEvents.hpp">
      <Filter>Misc</Filter>
    </ClInclude>
    <ClInclude Include="GameState.hpp">
      <Filter>Misc</Filter>
    </ClInclude>
    <ClInclude Include="Network.hpp">
      <Filter>Misc</Filter>
    </ClInclude>
    <ClInclude Include="LoginState.hpp">
      <Filter>States</Filter>
    </ClInclude>
    <ClInclude Include="InGameState.hpp">
      <Filter>States</Filter>
    </ClInclude>
    <ClInclude Include="LoadState.hpp">
      <Filter>States</Filter>
    </ClInclude>
  </ItemGroup>
  <ItemGroup>
    <ClCompile Include="CharacterSelectDialog.cpp">
      <Filter>Dialogs</Filter>
    </ClCompile>
    <ClCompile Include="ChatDialog.cpp">
      <Filter>Dialogs</Filter>
    </ClCompile>
    <ClCompile Include="LoginDialog.cpp">
      <Filter>Dialogs</Filter>
    </ClCompile>
    <ClCompile Include="MsgBox.cpp">
      <Filter>Dialogs</Filter>
    </ClCompile>
    <ClCompile Include="ServerListDialog.cpp">
      <Filter>Dialogs</Filter>
    </ClCompile>
    <ClCompile Include="ToolTip.cpp">
      <Filter>Dialogs</Filter>
    </ClCompile>
    <ClCompile Include="UserInterface.cpp">
      <Filter>Dialogs</Filter>
    </ClCompile>
    <ClCompile Include="Avatar.cpp">
      <Filter>Entities</Filter>
    </ClCompile>
    <ClCompile Include="Character.cpp">
      <Filter>Entities</Filter>
    </ClCompile>
    <ClCompile Include="main.cpp">
      <Filter>Misc</Filter>
    </ClCompile>
    <ClCompile Include="Window.cpp">
      <Filter>Misc</Filter>
    </ClCompile>
    <ClCompile Include="InGameState.cpp">
      <Filter>States</Filter>
    </ClCompile>
    <ClCompile Include="LoadState.cpp">
      <Filter>States</Filter>
    </ClCompile>
    <ClCompile Include="LoginState.cpp">
      <Filter>States</Filter>
    </ClCompile>
  </ItemGroup>
</Project>